
Microsoft Visual Studio Solution File, Format Version 12.00
Project("{2150E333-8FDC-42A3-9474-1A3956D46DE8}") = "src", "src", "{3794616B-6C16-4204-96D0-E3EEB34BBCA4}"
EndProject
Project("{2150E333-8FDC-42A3-9474-1A3956D46DE8}") = "test", "test", "{C31367A5-624F-404D-9024-DE759DB85915}"
EndProject
Project("{FAE04EC0-301F-11D3-BF4B-00C04F79EFBC}") = "MakeSport.Domain", "src\MakeSport.Domain\MakeSport.Domain.csproj", "{0D2FA282-0408-4F81-9AEB-E62B6CDBC133}"
EndProject
Project("{FAE04EC0-301F-11D3-BF4B-00C04F79EFBC}") = "MakeSport.Application", "src\MakeSport.Application\MakeSport.Application.csproj", "{CF53C758-6DCE-4232-BEC0-D4898F16D434}"
EndProject
Project("{FAE04EC0-301F-11D3-BF4B-00C04F79EFBC}") = "MakeSport.Infrastructure.Postgres", "src\MakeSport.Infrastructure.Postgres\MakeSport.Infrastructure.Postgres.csproj", "{A83EA9A5-D89F-4973-B00F-649EBBC6AE7F}"
EndProject
Project("{FAE04EC0-301F-11D3-BF4B-00C04F79EFBC}") = "MakeSport.API", "src\MakeSport.API\MakeSport.API.csproj", "{5A36307F-F5FB-4510-AA10-CC1F53E69C5F}"
EndProject
Project("{2150E333-8FDC-42A3-9474-1A3956D46DE8}") = "solution-items", "solution-items", "{36C380F7-8526-4AA4-AEF2-CF14434352AE}"
	ProjectSection(SolutionItems) = preProject
		docker-compose.yml = docker-compose.yml
	EndProjectSection
EndProject
Project("{FAE04EC0-301F-11D3-BF4B-00C04F79EFBC}") = "MakeSport.Infrastructure.DI", "src\MakeSport.Infrastructure.DI\MakeSport.Infrastructure.DI.csproj", "{CCEEF3F7-C2BE-4971-AC38-61D5BBFC39C9}"
EndProject
Project("{FAE04EC0-301F-11D3-BF4B-00C04F79EFBC}") = "MakeSport.Application.DI", "src\MakeSport.Application.DI\MakeSport.Application.DI.csproj", "{FE8437B3-D8E1-447B-A101-458B26C1DD72}"
EndProject
Project("{FAE04EC0-301F-11D3-BF4B-00C04F79EFBC}") = "MakeSport.Application.Tests", "test\MakeSport.Application.Tests\MakeSport.Application.Tests.csproj", "{0D4A9E97-0956-4C2F-9BE5-BFE1E07AAB0A}"
EndProject
Project("{FAE04EC0-301F-11D3-BF4B-00C04F79EFBC}") = "MakeSport.Storage.Tests", "test\MakeSport.Storage.Tests\MakeSport.Storage.Tests.csproj", "{7BD488DB-73B9-4E61-BD16-48F72B87A0E6}"
EndProject
Global
	GlobalSection(SolutionConfigurationPlatforms) = preSolution
		Debug|Any CPU = Debug|Any CPU
		Release|Any CPU = Release|Any CPU
	EndGlobalSection
	GlobalSection(NestedProjects) = preSolution
		{0D2FA282-0408-4F81-9AEB-E62B6CDBC133} = {3794616B-6C16-4204-96D0-E3EEB34BBCA4}
		{CF53C758-6DCE-4232-BEC0-D4898F16D434} = {3794616B-6C16-4204-96D0-E3EEB34BBCA4}
		{A83EA9A5-D89F-4973-B00F-649EBBC6AE7F} = {3794616B-6C16-4204-96D0-E3EEB34BBCA4}
		{5A36307F-F5FB-4510-AA10-CC1F53E69C5F} = {3794616B-6C16-4204-96D0-E3EEB34BBCA4}
		{CCEEF3F7-C2BE-4971-AC38-61D5BBFC39C9} = {3794616B-6C16-4204-96D0-E3EEB34BBCA4}
		{FE8437B3-D8E1-447B-A101-458B26C1DD72} = {3794616B-6C16-4204-96D0-E3EEB34BBCA4}
		{0D4A9E97-0956-4C2F-9BE5-BFE1E07AAB0A} = {C31367A5-624F-404D-9024-DE759DB85915}
		{7BD488DB-73B9-4E61-BD16-48F72B87A0E6} = {C31367A5-624F-404D-9024-DE759DB85915}
	EndGlobalSection
	GlobalSection(ProjectConfigurationPlatforms) = postSolution
		{0D2FA282-0408-4F81-9AEB-E62B6CDBC133}.Debug|Any CPU.ActiveCfg = Debug|Any CPU
		{0D2FA282-0408-4F81-9AEB-E62B6CDBC133}.Debug|Any CPU.Build.0 = Debug|Any CPU
		{0D2FA282-0408-4F81-9AEB-E62B6CDBC133}.Release|Any CPU.ActiveCfg = Release|Any CPU
		{0D2FA282-0408-4F81-9AEB-E62B6CDBC133}.Release|Any CPU.Build.0 = Release|Any CPU
		{CF53C758-6DCE-4232-BEC0-D4898F16D434}.Debug|Any CPU.ActiveCfg = Debug|Any CPU
		{CF53C758-6DCE-4232-BEC0-D4898F16D434}.Debug|Any CPU.Build.0 = Debug|Any CPU
		{CF53C758-6DCE-4232-BEC0-D4898F16D434}.Release|Any CPU.ActiveCfg = Release|Any CPU
		{CF53C758-6DCE-4232-BEC0-D4898F16D434}.Release|Any CPU.Build.0 = Release|Any CPU
		{A83EA9A5-D89F-4973-B00F-649EBBC6AE7F}.Debug|Any CPU.ActiveCfg = Debug|Any CPU
		{A83EA9A5-D89F-4973-B00F-649EBBC6AE7F}.Debug|Any CPU.Build.0 = Debug|Any CPU
		{A83EA9A5-D89F-4973-B00F-649EBBC6AE7F}.Release|Any CPU.ActiveCfg = Release|Any CPU
		{A83EA9A5-D89F-4973-B00F-649EBBC6AE7F}.Release|Any CPU.Build.0 = Release|Any CPU
		{5A36307F-F5FB-4510-AA10-CC1F53E69C5F}.Debug|Any CPU.ActiveCfg = Debug|Any CPU
		{5A36307F-F5FB-4510-AA10-CC1F53E69C5F}.Debug|Any CPU.Build.0 = Debug|Any CPU
		{5A36307F-F5FB-4510-AA10-CC1F53E69C5F}.Release|Any CPU.ActiveCfg = Release|Any CPU
		{5A36307F-F5FB-4510-AA10-CC1F53E69C5F}.Release|Any CPU.Build.0 = Release|Any CPU
		{CCEEF3F7-C2BE-4971-AC38-61D5BBFC39C9}.Debug|Any CPU.ActiveCfg = Debug|Any CPU
		{CCEEF3F7-C2BE-4971-AC38-61D5BBFC39C9}.Debug|Any CPU.Build.0 = Debug|Any CPU
		{CCEEF3F7-C2BE-4971-AC38-61D5BBFC39C9}.Release|Any CPU.ActiveCfg = Release|Any CPU
		{CCEEF3F7-C2BE-4971-AC38-61D5BBFC39C9}.Release|Any CPU.Build.0 = Release|Any CPU
		{FE8437B3-D8E1-447B-A101-458B26C1DD72}.Debug|Any CPU.ActiveCfg = Debug|Any CPU
		{FE8437B3-D8E1-447B-A101-458B26C1DD72}.Debug|Any CPU.Build.0 = Debug|Any CPU
		{FE8437B3-D8E1-447B-A101-458B26C1DD72}.Release|Any CPU.ActiveCfg = Release|Any CPU
		{FE8437B3-D8E1-447B-A101-458B26C1DD72}.Release|Any CPU.Build.0 = Release|Any CPU
		{0D4A9E97-0956-4C2F-9BE5-BFE1E07AAB0A}.Debug|Any CPU.ActiveCfg = Debug|Any CPU
		{0D4A9E97-0956-4C2F-9BE5-BFE1E07AAB0A}.Debug|Any CPU.Build.0 = Debug|Any CPU
		{0D4A9E97-0956-4C2F-9BE5-BFE1E07AAB0A}.Release|Any CPU.ActiveCfg = Release|Any CPU
		{0D4A9E97-0956-4C2F-9BE5-BFE1E07AAB0A}.Release|Any CPU.Build.0 = Release|Any CPU
		{7BD488DB-73B9-4E61-BD16-48F72B87A0E6}.Debug|Any CPU.ActiveCfg = Debug|Any CPU
		{7BD488DB-73B9-4E61-BD16-48F72B87A0E6}.Debug|Any CPU.Build.0 = Debug|Any CPU
		{7BD488DB-73B9-4E61-BD16-48F72B87A0E6}.Release|Any CPU.ActiveCfg = Release|Any CPU
		{7BD488DB-73B9-4E61-BD16-48F72B87A0E6}.Release|Any CPU.Build.0 = Release|Any CPU
	EndGlobalSection
EndGlobal
